{
  "lockfileVersion": 2,
  "configVersion": 1,
  "workspaces": {
    "": {
      "name": "h5p-mcp-core",
      "dependencies": {
        "@lumieducation/h5p-server": "file:h5p_mcp/lumi/lumieducation-h5p-server-10.0.4-h5pmcp.efcfeebc.tgz",
      },
      "devDependencies": {
        "@types/bun": "1.4.2",
        "oxlint": "1.83.0",
        "typescript": "7.0.2",
      },
    },
  },
  "packages": {
    "@cacheable/memory": ["@cacheable/memory@2.2.0", "", { "dependencies": { "@cacheable/utils": "^2.5.0", "@keyv/bigmap": "^1.3.1", "hookified": "^1.15.1", "keyv": "^5.6.0" } }, "sha512-CTLKqLItRCEixEAewD3/j9DB3/o96gpTPD4eJ1v+DGOlxZRZncRQkGYqqnAGCscYd6RNeXfGeiuCphsPtqyIfQ=="],

    "@cacheable/utils": ["@cacheable/utils@2.5.0", "", { "dependencies": { "hashery": "^1.5.1", "keyv": "^5.6.0" } }, "sha512-buipgOVDkkPXNR5+xBpDw7Zk2n1EvU7qBJCNUcL7rhQ//kfpOXPAvQ511Os0vpLYJ1pZnvudNytkQt2hst3wqA=="],

    "@keyv/bigmap": ["@keyv/bigmap@1.3.1", "", { "dependencies": { "hashery": "^1.4.0", "hookified": "^1.15.0" }, "peerDependencies": { "keyv": "^5.6.0" } }, "sha512-WbzE9sdmQtKy8vrNPa9BRnwZh5UF4s1KTmSK0KUVLo3eff5BlQNNWDnFOouNpKfPKDnms9xynJjsMYjMaT/aFQ=="],

    "@keyv/serialize": ["@keyv/serialize@1.1.1", "", {}, "sha512-dXn3FZhPv0US+7dtJsIi2R+c7qWYiReoEh5zUntWCf4oSpMNib8FDhSoed6m3QyZdx5hK7iLFkYk3rNxwt8vTA=="],

    "@lumieducation/h5p-server": ["@lumieducation/h5p-server@h5p_mcp/lumi/lumieducation-h5p-server-10.0.4-h5pmcp.efcfeebc.tgz", { "dependencies": { "ajv": "^8.12.0", "ajv-keywords": "^5.1.0", "async-lock": "^1.4.0", "axios": "^1.4.0", "cache-manager": "^7.0.0", "cacheable": "^2.5.0", "debug": "^4.3.4", "flat": "^6.0.0", "https-proxy-agent": "^9.0.0", "jsonpath": "^1.1.1", "keyv": "^5.6.0", "magic-bytes.js": "^1.13.0", "mime-types": "^3.0.0", "node-machine-id": "^1.1.12", "probe-image-size": "^7.4.0", "promisepipe": "^3.0.0", "sanitize-html": "^2.10.0", "stream-buffers": "^3.0.2", "tmp-promise": "^3.0.3", "yauzl-promise": "^4.0.0", "yazl": "^3.0.0" } }, "sha512-CJLlZsecolbuFVaTB661khbSIttyLPqSuKZydwKqK5luRDBrGDzjxl+EcrIvjomdjUtV8sdAZiVqc/8HkVk2uw=="],

    "@node-rs/crc32": ["@node-rs/crc32@1.10.8", "", { "optionalDependencies": { "@node-rs/crc32-android-arm-eabi": "1.10.8", "@node-rs/crc32-android-arm64": "1.10.8", "@node-rs/crc32-darwin-arm64": "1.10.8", "@node-rs/crc32-darwin-x64": "1.10.8", "@node-rs/crc32-freebsd-x64": "1.10.8", "@node-rs/crc32-linux-arm-gnueabihf": "1.10.8", "@node-rs/crc32-linux-arm64-gnu": "1.10.8", "@node-rs/crc32-linux-arm64-musl": "1.10.8", "@node-rs/crc32-linux-x64-gnu": "1.10.8", "@node-rs/crc32-linux-x64-musl": "1.10.8", "@node-rs/crc32-win32-arm64-msvc": "1.10.8", "@node-rs/crc32-win32-ia32-msvc": "1.10.8", "@node-rs/crc32-win32-x64-msvc": "1.10.8" } }, "sha512-gOYKFwkojSdWrSmreCcGocRcAXSpRkNZYxv6nscmtddSWBKVGypdMbfLxu5qgmymdaCNApajuwZblYEfs7HswA=="],

    "@node-rs/crc32-android-arm-eabi": ["@node-rs/crc32-android-arm-eabi@1.10.8", "", { "os": "android", "cpu": "arm" }, "sha512-Ed2P9uQAOlOSveuPKSlmCctcZ73+9VIBTD84F8MjfKU26q33Y0hYlcl9vlzfc9UQX7LLMGEZhOuU1xxYtx49tg=="],

    "@node-rs/crc32-android-arm64": ["@node-rs/crc32-android-arm64@1.10.8", "", { "os": "android", "cpu": "arm64" }, "sha512-gvEOdU8tkSwK2McdlMeXDoyqtvJFPYShNopJtGaGMNoltN5EzFOsM/7XKF3rk9JLQ9GnZHQrCxur0Cksonow2A=="],

    "@node-rs/crc32-darwin-arm64": ["@node-rs/crc32-darwin-arm64@1.10.8", "", { "os": "darwin", "cpu": "arm64" }, "sha512-ylDspj/s3i+FCdTGoLZtOBsbR2PvAsI5taJDE5Pl7kDgeKX7IywdAYQtkh2orvTs0RqCjcnIBxrCDI/O/r+z1g=="],

    "@node-rs/crc32-darwin-x64": ["@node-rs/crc32-darwin-x64@1.10.8", "", { "os": "darwin", "cpu": "x64" }, "sha512-DVTORLWomcx7F0CxQxlfBszAcMh8IkNGx/hgYHQ4iDnuf/uVjhs7l1hoVBghPymdFxP129+I/+b1WoQBbTJzaQ=="],

    "@node-rs/crc32-freebsd-x64": ["@node-rs/crc32-freebsd-x64@1.10.8", "", { "os": "freebsd", "cpu": "x64" }, "sha512-ZzuW7RS9VFy7zD64YUFI2dK6tJrlAFfe1NBuNx/ouKZ6SK+NHW5F8hxZNrZCkv2XB7QyZk9wZ53oJ20PKylQTw=="],

    "@node-rs/crc32-linux-arm-gnueabihf": ["@node-rs/crc32-linux-arm-gnueabihf@1.10.8", "", { "os": "linux", "cpu": "arm" }, "sha512-5/2kW7V4KMV3o37ApvcnF4Pk11luzLnd38kQZowVCw5D/xGlCByEQOODfJHX9pv0C+4hp+8Dosul06RODjPEUw=="],

    "@node-rs/crc32-linux-arm64-gnu": ["@node-rs/crc32-linux-arm64-gnu@1.10.8", "", { "os": "linux", "cpu": "arm64" }, "sha512-Vr1P3+WF+RsUVI8CNLiunl1vuzdpgTR1sf9PxgQFr3o//hh2KdqJeU4zZsFVTn+GbGZtqvRoba0wi8nKMzRLeg=="],

    "@node-rs/crc32-linux-arm64-musl": ["@node-rs/crc32-linux-arm64-musl@1.10.8", "", { "os": "linux", "cpu": "arm64" }, "sha512-eS8YXANJLBqdOzf5jCNVEXiDI4wjXVqQybaJextJJINvHhnhhOXPar8402GMagewOxGxYsy4C69G8rBIzqL4cg=="],

    "@node-rs/crc32-linux-x64-gnu": ["@node-rs/crc32-linux-x64-gnu@1.10.8", "", { "os": "linux", "cpu": "x64" }, "sha512-DFd0eV47MAykz4PQDcBSlEvY3CtXqPt2gkBpvPngCpOUoIJgEk9tKtPjEgUwLatMkvsy4fEvAg7gckGickOyEw=="],

    "@node-rs/crc32-linux-x64-musl": ["@node-rs/crc32-linux-x64-musl@1.10.8", "", { "os": "linux", "cpu": "x64" }, "sha512-U7fP8FjDQuOb61YoT8EoWDIJ9x40ZrCzM6OcAH1wqYiu9Z94U14S+i8KwTC7YorotGtICdYZ/APn1eI8vNne5w=="],

    "@node-rs/crc32-win32-arm64-msvc": ["@node-rs/crc32-win32-arm64-msvc@1.10.8", "", { "os": "win32", "cpu": "arm64" }, "sha512-VJezyT9OWnMPnArDR5ok0ARLemiL83LLNYh4MC++oHoLegqzyBllqNlO8fVp2PmczGkn+rfKkZbtG4w3MQ6BbQ=="],

    "@node-rs/crc32-win32-ia32-msvc": ["@node-rs/crc32-win32-ia32-msvc@1.10.8", "", { "os": "win32", "cpu": "ia32" }, "sha512-01HooQK7WiG07/vvp0XzRnqSC5cvXvQ1MsQwlH9wwMWZ9qqHRO1j08cSeSt7DM4eALNisfX83bjqqrHzSKI9Iw=="],

    "@node-rs/crc32-win32-x64-msvc": ["@node-rs/crc32-win32-x64-msvc@1.10.8", "", { "os": "win32", "cpu": "x64" }, "sha512-4O6G7yme7s98LUGwiqW7q2QqYmWD2IRQvV+q7+S4vjkUWiXUMbP8QEPYP9cF2WEQSdXCkyDEqDW10zeUdniPRA=="],

    "@oxlint/binding-android-arm-eabi": ["@oxlint/binding-android-arm-eabi@1.83.0", "", { "os": "android", "cpu": "arm" }, "sha512-0yGY24EwsLk5YDe6F+VkmZyRHSwJDALa3nIrPpq7FXmp2lV2d0TzvBCGeZk+wgiULRGr5blhyr4QMp5KCXJUqA=="],

    "@oxlint/binding-android-arm64": ["@oxlint/binding-android-arm64@1.83.0", "", { "os": "android", "cpu": "arm64" }, "sha512-hHfJ0vc17A4iUjH5p9BsTUPYbYRNxGpvD2lbu1aBRk54bzNIx9o5TtYF39QPZcV95DagZd+4DEAw2RH3G2ZsMg=="],

    "@oxlint/binding-darwin-arm64": ["@oxlint/binding-darwin-arm64@1.83.0", "", { "os": "darwin", "cpu": "arm64" }, "sha512-hsOjYjszLb/3zym/TkzUMPAoQlTJcuzSyEPOAyA+skXJIX9M0o+4JfOtqopX/Vf4hSLrJ98j0nvFo23gzk8auQ=="],

    "@oxlint/binding-darwin-x64": ["@oxlint/binding-darwin-x64@1.83.0", "", { "os": "darwin", "cpu": "x64" }, "sha512-mjh5oH2EA+wl5yRJYT9K9G61O2zFlpuv+yf2JwZOi0+dq2FnTUtm1h8i+5Ik0fXPWIu/k84I1psZR9aQsLAnyA=="],

    "@oxlint/binding-freebsd-x64": ["@oxlint/binding-freebsd-x64@1.83.0", "", { "os": "freebsd", "cpu": "x64" }, "sha512-fNHr64/YaO8YssuoDVC8+F4Uk5enR86q5uxfHkQrjAPs1dbAILOrD2uaud+J7MO8Fx774g44ERLD0IGIvZE48w=="],

    "@oxlint/binding-linux-arm-gnueabihf": ["@oxlint/binding-linux-arm-gnueabihf@1.83.0", "", { "os": "linux", "cpu": "arm" }, "sha512-Qpwy3zzAwMj+8/lyYItHmkSMwbkprFNWTK7jPYDOxSyxEhaSLOWYUTCMkjF334J8/WD0nznCCsoBbIH6hpsuIw=="],

    "@oxlint/binding-linux-arm-musleabihf": ["@oxlint/binding-linux-arm-musleabihf@1.83.0", "", { "os": "linux", "cpu": "arm" }, "sha512-s+BirYLFq7JL2k9sP0XI3ZXJ9dYvJ8sX3jLCLoag7tt+zrSHpZxP0jqznfL+Gdgwu7ay0dYgGYJXrQvq3iWloA=="],

    "@oxlint/binding-linux-arm64-gnu": ["@oxlint/binding-linux-arm64-gnu@1.83.0", "", { "os": "linux", "cpu": "arm64" }, "sha512-7lihXt3vKr+GIyapNbHrnFHm/biiW30le6Zv/DExbAFPF6YwCQXVFlONPFehxs0CpGO4CBfYPM9rdDT+XMoIlg=="],

    "@oxlint/binding-linux-arm64-musl": ["@oxlint/binding-linux-arm64-musl@1.83.0", "", { "os": "linux", "cpu": "arm64" }, "sha512-q63JalLYVkZiZvls1z3PPUnpmQluOMXp0khqQMznCeAPLGydfNY8JhvuA4WlK57JfrvikU8wB5lPVveqpIXvew=="],

    "@oxlint/binding-linux-ppc64-gnu": ["@oxlint/binding-linux-ppc64-gnu@1.83.0", "", { "os": "linux", "cpu": "ppc64" }, "sha512-krQmDF+dRbxvdqVPV88ZuOoPPu8X5BuqDA8Hd+qcS4YMRQCb+nexA57DazgGsc/rGdKBe3QmV0mnv0bdpW/p5g=="],

    "@oxlint/binding-linux-riscv64-gnu": ["@oxlint/binding-linux-riscv64-gnu@1.83.0", "", { "os": "linux", "cpu": "none" }, "sha512-MmOl8Y6txEAXZU1RG8Rr264jQ6D7VPmqFsU/45x/FeWsGe32hklTqGrLE6UxHzp5Rjt0wP+20tY8YXKgSFB3mw=="],

    "@oxlint/binding-linux-riscv64-musl": ["@oxlint/binding-linux-riscv64-musl@1.83.0", "", { "os": "linux", "cpu": "none" }, "sha512-u1rMymh0W3JZkq370kzQsYPULGWqhE09pZRqnZvUSoYaI9pVO5yVX+iYIslmWuEgwuzH9YAaOsScJiobWCHoOw=="],

    "@oxlint/binding-linux-s390x-gnu": ["@oxlint/binding-linux-s390x-gnu@1.83.0", "", { "os": "linux", "cpu": "s390x" }, "sha512-y0zK3HNwGysu7rqtE+BQG/d0bx5gh/KwlOtghN8oWeK1KcWzeaLqtZrbm8owqdma1lFyrce/hTO5ismuNu+INQ=="],

    "@oxlint/binding-linux-x64-gnu": ["@oxlint/binding-linux-x64-gnu@1.83.0", "", { "os": "linux", "cpu": "x64" }, "sha512-rS5gM0NgD7ngmuJmbIehsidtrOwKkLFwCQbKEeb9KuyQrrWNq5Zkn0uV6AYdXOMJ0grrWEiLwBuvMxt8w5vsNw=="],

    "@oxlint/binding-linux-x64-musl": ["@oxlint/binding-linux-x64-musl@1.83.0", "", { "os": "linux", "cpu": "x64" }, "sha512-W2IH4EtpcPaWcvNGCA95YoDg4vxqE/ZiPCi3arrxEEpsK7+JQN9WYwrlYFx9pcdP6KPXqRqkv3zdQPHcx7b6YQ=="],

    "@oxlint/binding-openharmony-arm64": ["@oxlint/binding-openharmony-arm64@1.83.0", "", { "os": "none", "cpu": "arm64" }, "sha512-6LyKkUyoajssTPLlZmDbZIbu4IZ5B4bGuRUnBgCGpEvHP3FQMaYITncHA/unPUo7q+Z+pIu2HhdkQ+8d1SG7iA=="],

    "@oxlint/binding-win32-arm64-msvc": ["@oxlint/binding-win32-arm64-msvc@1.83.0", "", { "os": "win32", "cpu": "arm64" }, "sha512-Uz/fObEtF0jmNJQJ8CGRBKfefYstS0/wjD3s6IGzP8nUwsJykHQJBiN3npHwKiGRGn/vvBEgNr4B3cCzmmatvg=="],

    "@oxlint/binding-win32-ia32-msvc": ["@oxlint/binding-win32-ia32-msvc@1.83.0", "", { "os": "win32", "cpu": "ia32" }, "sha512-u7XcvPW6Bk58tY5iWs2ESb0vJjoE/kuSpHxopbwp/p3ZtWVQXZ6wor5w3ssVTHOqd/v8b+QdhSFWQ4grEUNWpA=="],

    "@oxlint/binding-win32-x64-msvc": ["@oxlint/binding-win32-x64-msvc@1.83.0", "", { "os": "win32", "cpu": "x64" }, "sha512-LZRubd7ph13QmAg4fFecTYVZkiYbROR2Htaxh/ufWRkDhPOm2wrwaEYR89e0YpPFD3dqBrPoxS7myBw5hmYA7Q=="],

    "@types/bun": ["@types/bun@1.4.2", "", { "dependencies": { "bun-types": "1.4.2" } }, "sha512-GimotNn7+ZV0uVArItBbriZsR1oNf0+WTzPkdcFrzShI7k2norL0uzEaJT8T33dWr7O/c9ZDuAFQrctKCi72oQ=="],

    "@types/node": ["@types/node@26.6.2", "", { "dependencies": { "undici-types": "~8.9.0" } }, "sha512-X1P21scMv4zGKLYqjdGjaKa7COa0RKVYYZZN/NfvLQ1JegxFhdhpZG/Lyn8AXx6CDUavKAd11v6BvfpkDByK8g=="],

    "@typescript/typescript-aix-ppc64": ["@typescript/typescript-aix-ppc64@7.0.2", "", { "os": "aix", "cpu": "ppc64" }, "sha512-MTKKkWB7p/0E9xi1d1tHtZ5PiLkGEMIq88pK2CubZjOsLtYTLqhgIgi6zepFa+9GHZ6h05NMCkQxGKiPXMxXtQ=="],

    "@typescript/typescript-darwin-arm64": ["@typescript/typescript-darwin-arm64@7.0.2", "", { "os": "darwin", "cpu": "arm64" }, "sha512-gowzar9MwS/aRWp6f3a4KUqzRjAZjOsmGNCM6LcTgXum+dBfgsBVMN+AgvOCCbguXyick6LJhpBszxMebJ8syA=="],

    "@typescript/typescript-darwin-x64": ["@typescript/typescript-darwin-x64@7.0.2", "", { "os": "darwin", "cpu": "x64" }, "sha512-SZ9xZInqApNlNGc9s0W1VSsktYSOe9cFqNOIqmN1Gs8SmkjKZYFt017G4VwPxASInODuAdbTW7sXiFUf893RgA=="],

    "@typescript/typescript-freebsd-arm64": ["@typescript/typescript-freebsd-arm64@7.0.2", "", { "os": "freebsd", "cpu": "arm64" }, "sha512-W5NH4y/J0plIIS5b2xvTEkU7JFxyqdMAOgf+Ilhl0vHQXKO5dZoxd+C/jEtq56c4F3wk71RB4BMRQ2XdI+bwYQ=="],

    "@typescript/typescript-freebsd-x64": ["@typescript/typescript-freebsd-x64@7.0.2", "", { "os": "freebsd", "cpu": "x64" }, "sha512-UMGDx5sTpzNw3WiPebH7l90IWfJggEd+egHt/q6p7/Cm3zqoV7VxkGXt+3DxPIw8CcmvAB0j3sVVfbhX+M4Tpw=="],

    "@typescript/typescript-linux-arm": ["@typescript/typescript-linux-arm@7.0.2", "", { "os": "linux", "cpu": "arm" }, "sha512-gffT3xPz9sR7j/YJExkyPntrI0P2EP9XbOyWzth2/Gs0RstK+90RBcO0ncXoXy/beYll1SXw846Nf2zdnEz0QQ=="],

    "@typescript/typescript-linux-arm64": ["@typescript/typescript-linux-arm64@7.0.2", "", { "os": "linux", "cpu": "arm64" }, "sha512-Qh4eU4/y3yDjnfjjyPYihMj5/ODIlmt+Bzu17OI+fiSRDW57QmU5SiN63exPRNJPKUzcc1INa1NXdrJ+MqHjUQ=="],

    "@typescript/typescript-linux-loong64": ["@typescript/typescript-linux-loong64@7.0.2", "", { "os": "linux", "cpu": "none" }, "sha512-uEHck9i8hoAzXPiYRib1O7miOnz23SxIeVl6F4LXox+qov1K35jHcEW6VHKvZI+pyvl7fZEP4MCU5LYvIq1GuQ=="],

    "@typescript/typescript-linux-mips64el": ["@typescript/typescript-linux-mips64el@7.0.2", "", { "os": "linux", "cpu": "none" }, "sha512-R4KvAMnE43W5Qeqb0Ly56O3mWMWIAgsMyz36DCaycd5nbg/9kzm0liw3JocfRqyJY0KPmzFjbswozXyW0DnIYA=="],

    "@typescript/typescript-linux-ppc64": ["@typescript/typescript-linux-ppc64@7.0.2", "", { "os": "linux", "cpu": "ppc64" }, "sha512-DORx5b3sd/4S7eayxm4FQv+A7CrkUIGRaHiwI8oiHTAI1fAPWhF4J0vAlkC8biAlHSVVwxMQ3tjZ2/DVbnQiiA=="],

    "@typescript/typescript-linux-riscv64": ["@typescript/typescript-linux-riscv64@7.0.2", "", { "os": "linux", "cpu": "none" }, "sha512-wf0jqEDOjrPRnKwYRyyJDRo11KMbvMFrU+q4zqKyChODBzvlkbhNQfKvLxQCcwTpdDaXSHZTVuh0JoCrKCUMHQ=="],

    "@typescript/typescript-linux-s390x": ["@typescript/typescript-linux-s390x@7.0.2", "", { "os": "linux", "cpu": "s390x" }, "sha512-IkwJc3L7yhytWd/ewjyxNDfOmswCm9GWMJT/ue/dU4aZNbwZeYAetq42VyLmsmSjvoX7z74X6ZaYCtzAr0EuGw=="],

    "@typescript/typescript-linux-x64": ["@typescript/typescript-linux-x64@7.0.2", "", { "os": "linux", "cpu": "x64" }, "sha512-EYdf2cNg7rgCWJnxCdJ+F3V39O8ihb37eHAu1LK8oAFizgTQbPOK7zHHXbPt8rX24COqODXeI3sIf0fCXG7H/A=="],

    "@typescript/typescript-netbsd-arm64": ["@typescript/typescript-netbsd-arm64@7.0.2", "", { "os": "none", "cpu": "arm64" }, "sha512-+polYF4MF04aPpO5FTkHran9yUQDSXqy5GiSDKpsll5jy3l3+g9QLhpf39T+ePtefhXLOGrLl0QIjkQP6VnelA=="],

    "@typescript/typescript-netbsd-x64": ["@typescript/typescript-netbsd-x64@7.0.2", "", { "os": "none", "cpu": "x64" }, "sha512-8YIT0EHM/3dq10ZOVF/A7pc/YSMtbcecct4rWtexrnSCHOPcpC2KTLXfTCR6vDpnSiY12heNb1GiN/wu+T/FyA=="],

    "@typescript/typescript-openbsd-arm64": ["@typescript/typescript-openbsd-arm64@7.0.2", "", { "os": "openbsd", "cpu": "arm64" }, "sha512-APT8+ClYnuYm1u9+kgGXoMj2VzWzcymwh2gNSQVySHfkRDGOTVkoWLjCmOQSaO+PoqQ57B0flRp9SA+7GnnkzQ=="],

    "@typescript/typescript-openbsd-x64": ["@typescript/typescript-openbsd-x64@7.0.2", "", { "os": "openbsd", "cpu": "x64" }, "sha512-yX7s+Q0Dln0Dt9tEzZsAjXXR/+ytBM7AlglaqyeMPxQszJ1JhlJdZ6jLA+IzldHtflX81em7lDao1xXu+aRRkg=="],

    "@typescript/typescript-sunos-x64": ["@typescript/typescript-sunos-x64@7.0.2", "", { "os": "sunos", "cpu": "x64" }, "sha512-dLJDGaLZ1D4HPQn62u1n8mBDkJREwMsAkCdkwd4Ieqw+x3TUyTsqY0YiBCtE6H6OzzgGk3iuZ3vFWRS+E8/d1g=="],

    "@typescript/typescript-win32-arm64": ["@typescript/typescript-win32-arm64@7.0.2", "", { "os": "win32", "cpu": "arm64" }, "sha512-Gyl1Vy6OsWesLzmq+EP0Fb7b4Nid5232AvcA2SFcdYreldpNtYFFofPjnt62y9hQy7VTaZp65ICJjuAQRaVcIQ=="],

    "@typescript/typescript-win32-x64": ["@typescript/typescript-win32-x64@7.0.2", "", { "os": "win32", "cpu": "x64" }, "sha512-0BQ3HkAHHlKLSp1qRvf3SUhGpGsDuhB/jgFw75guyqbxJqEaS0Cw/VFO8i2nHglJUzQCRtMMR/IBAKE3ETMC4g=="],

    "agent-base": ["agent-base@9.0.0", "", {}, "sha512-TQf59BsZnytt8GdJKLPfUZ54g/iaUL2OWDSFCCvMOhsHduDQxO8xC4PNeyIkVcA5KwL2phPSv0douC0fgWzmnA=="],

    "ajv": ["ajv@8.20.0", "", { "dependencies": { "fast-deep-equal": "^3.1.3", "fast-uri": "^3.0.1", "json-schema-traverse": "^1.0.0", "require-from-string": "^2.0.2" } }, "sha512-Thbli+OlOj+iMPYFBVBfJ3OmCAnaSyNn4M1vz9T6Gka5Jt9ba/HIR56joy65tY6kx/FCF5VXNB819Y7/GUrBGA=="],

    "ajv-keywords": ["ajv-keywords@5.1.0", "", { "dependencies": { "fast-deep-equal": "^3.1.3" }, "peerDependencies": { "ajv": "^8.8.2" } }, "sha512-YCS/JNFAUyr5vAuhk1DWm1CBxRHW9LbJ2ozWeemrIqpbsqKjHVxYPyi5GC0rjZIT5JxJ3virVTS8wk4i/Z+krw=="],

    "async-lock": ["async-lock@1.4.1", "", {}, "sha512-Az2ZTpuytrtqENulXwO3GGv1Bztugx6TT37NIo7imr/Qo0gsYiGtSdBa2B6fsXhTpVZDNfu1Qn3pk531e3q+nQ=="],

    "asynckit": ["asynckit@0.4.0", "", {}, "sha512-Oei9OH4tRh0YqU3GxhX79dM/mwVgvbZJaSNaRk+bshkj0S5cfHcgYakreBjrHwatXKbz+IoIdYLxrKim2MjW0Q=="],

    "axios": ["axios@1.20.0", "", { "dependencies": { "follow-redirects": "^1.16.0", "form-data": "^4.0.6", "https-proxy-agent": "^5.0.1", "proxy-from-env": "^2.1.0" } }, "sha512-r8aOh8j9cGKpgQAqpzrUHnSIc6a59Y3Xf/cv8sy1DrHCkZHzQGEuoq1tARk6qSyDdtQGSDgpb9kFlruzPvrgwg=="],

    "buffer-crc32": ["buffer-crc32@1.0.0", "", {}, "sha512-Db1SbgBS/fg/392AblrMJk97KggmvYhr4pB5ZIMTWtaivCPMWLkmb7m21cJvpvgK+J3nsU2CmmixNBZx4vFj/w=="],

    "bun-types": ["bun-types@1.4.2", "", { "dependencies": { "@types/node": "*" } }, "sha512-bxV1FgK7yBIzjRe5zBozIM4Bem11ZJcCXSrjWRG3YWLt8yFDePu4cLjpebO8OvPeIE9trbyPF4fuj3Cia4Fj3w=="],

    "cache-manager": ["cache-manager@7.2.9", "", { "dependencies": { "@cacheable/utils": "^2.5.0", "keyv": "^5.6.0" } }, "sha512-d4vceEyYe95gPxEyQchlEOH9vJlkNRW8G6gzFzzMTxJK9PahYMhC9chrEqgZN0HulROjgw3IzmWVNk7Q7ytiGw=="],

    "cacheable": ["cacheable@2.5.0", "", { "dependencies": { "@cacheable/memory": "^2.2.0", "@cacheable/utils": "^2.5.0", "hookified": "^1.15.0", "keyv": "^5.6.0", "qified": "^0.10.1" } }, "sha512-60cyAOytib/OzBw1JNSoSV/boK1AtHryDIjvVBk7XbN4ugfkM3+Sry7fEjNgPMGgOjuaZPAp8ruZ0Cxafwyq9g=="],

    "call-bind-apply-helpers": ["call-bind-apply-helpers@1.0.2", "", { "dependencies": { "es-errors": "^1.3.0", "function-bind": "^1.1.2" } }, "sha512-Sp1ablJ0ivDkSzjcaJdxEunN5/XvksFJ2sMBFfq6x0ryhQV/2b/KwFe21cMpmHtPOSij8K99/wSfoEuTObmuMQ=="],

    "combined-stream": ["combined-stream@1.0.8", "", { "dependencies": { "delayed-stream": "~1.0.0" } }, "sha512-FQN4MRfuJeHf7cBbBMJFXhKSDq+2kAArBlmRBvcvFE5BB1HZKXtSFASDhdlz9zOYwxh8lDdnvmMOe/+5cdoEdg=="],

    "dayjs": ["dayjs@1.11.23", "", {}, "sha512-QDTCU0M0MxR3hQfnlDJfwekQiaanm1ubOD231u73WBckQ/fsamwRLiE2GBz6D3a/xF1NgfiDLJjXBa1hYOYTtQ=="],

    "debug": ["debug@4.4.3", "", { "dependencies": { "ms": "^2.1.3" }, "peerDependencies": { "supports-color": "*" }, "optionalPeers": ["supports-color"] }, "sha512-RGwwWnwQvkVfavKVt22FGLw+xYSdzARwm0ru6DhTVA3umU5hZc28V3kO4stgYryrTlLpuvgI9GiijltAjNbcqA=="],

    "deepmerge": ["deepmerge@4.3.1", "", {}, "sha512-3sUqbMEc77XqpdNO7FRyRog+eW3ph+GYCbj+rK+uYyRMuwsVy0rMiVtPn+QJlKFvWP/1PYpapqYn0Me2knFn+A=="],

    "define-data-property": ["define-data-property@1.1.4", "", { "dependencies": { "es-define-property": "^1.0.0", "es-errors": "^1.3.0", "gopd": "^1.0.1" } }, "sha512-rBMvIzlpA8v6E+SJZoo++HAYqsLrkg7MSfIinMPFhmkorw7X+dOXVJQs+QT69zGkzMyfDnIMN2Wid1+NbL3T+A=="],

    "define-properties": ["define-properties@1.2.1", "", { "dependencies": { "define-data-property": "^1.0.1", "has-property-descriptors": "^1.0.0", "object-keys": "^1.1.1" } }, "sha512-8QmQKqEASLd5nx0U1B1okLElbUuuttJ/AnYmRXbbbGDWh6uS208EjD4Xqq/I9wK7u0v6O08XhTWnt5XtEbR6Dg=="],

    "delayed-stream": ["delayed-stream@1.0.0", "", {}, "sha512-ZySD7Nf91aLB0RxL4KGrKHBXl7Eds1DAmEdcoVawXnLD7SDhpNgtuII2aAkg7a7QS41jxPSZ17p4VdGnMHk3MQ=="],

    "dom-serializer": ["dom-serializer@3.1.1", "", { "dependencies": { "domelementtype": "^3.0.0", "domhandler": "^6.0.0", "entities": "^8.0.0" } }, "sha512-4MEa38/QexBob6gFNwu+EGdWvhJ1OKuNwdYY3Y3NyeWDQfnGeDYQUDfIRzWu5B5gsv03so2Uxd28YC6zrsx3Lw=="],

    "domelementtype": ["domelementtype@3.0.0", "", {}, "sha512-umCQid3jKbDmVjx8jGaW7uUykm4DEUeyV21hPxNMo2nV955DhUThwqyOIDtreepP31hl84X7G5U9ZfsWvIB3Pg=="],

    "domhandler": ["domhandler@6.0.1", "", { "dependencies": { "domelementtype": "^3.0.0" } }, "sha512-gYzvtM72ZtxQO0T048kd6HWSbbGCNOUwcnfQ01cqIJ4X2IYKFFHZ5mKvrQETcFXxsRObZulDaKmy//R7TPtsBg=="],

    "domutils": ["domutils@4.0.2", "", { "dependencies": { "dom-serializer": "^3.0.0", "domelementtype": "^3.0.0", "domhandler": "^6.0.0" } }, "sha512-qI4JLRKnSzqFqr7hAlS5xQDusBCjKSEG4t4+7aNrIQMHBcsC2TGEhuyABJdYkgSewL57PNLYEiibY2iPKhKpaA=="],

    "dunder-proto": ["dunder-proto@1.0.1", "", { "dependencies": { "call-bind-apply-helpers": "^1.0.1", "es-errors": "^1.3.0", "gopd": "^1.2.0" } }, "sha512-KIN/nDJBQRcXw0MLVhZE9iQHmG68qAVIBg9CqmUYjmQIhgij9U5MFvrqkUL5FbtyyzZuOeOt0zdeRe4UY7ct+A=="],

    "entities": ["entities@8.1.0", "", {}, "sha512-kxL7msIffSuh9aaFAMD7rxAIuTRMAHMeBtgHW2yUdWw732ZNh4MehkF2gdjvtdmikkaIP9bFDDJOPlsvm7avrA=="],

    "es-define-property": ["es-define-property@1.0.1", "", {}, "sha512-e3nRfgfUZ4rNGL232gUgX06QNyyez04KdjFrF+LTRoOXmrOgFKDg4BCdsjW8EnT69eqdYGmRpJwiPVYNrCaW3g=="],

    "es-errors": ["es-errors@1.3.0", "", {}, "sha512-Zf5H2Kxt2xjTvbJvP2ZWLEICxA6j+hAmMzIlypy4xcBg1vKVnx89Wy0GbS+kf5cwCVFFzdCFh2XSCFNULS6csw=="],

    "es-object-atoms": ["es-object-atoms@1.1.2", "", { "dependencies": { "es-errors": "^1.3.0" } }, "sha512-HWcBoN6NileqtSydK2FqHbS/LoDd2pqrnQHLyJzBj4kOp/ky2MWMN694xOfkK8/SnUsW2DH7EfyVlydKCsm1Zw=="],

    "es-set-tostringtag": ["es-set-tostringtag@2.1.0", "", { "dependencies": { "es-errors": "^1.3.0", "get-intrinsic": "^1.2.6", "has-tostringtag": "^1.0.2", "hasown": "^2.0.2" } }, "sha512-j6vWzfrGVfyXxge+O0x5sh6cvxAog0a/4Rdd2K36zCMV5eJ+/+tOAngRO8cODMNWbVRdVlmGZQL2YS3yR8bIUA=="],

    "escape-string-regexp": ["escape-string-regexp@4.0.0", "", {}, "sha512-TtpcNJ3XAzx3Gq8sWRzJaVajRs0uVxA2YAkdb1jm2YkPz4G6egUFAyA3n5vtEIZefPk5Wa4UXbKuS5fKkJWdgA=="],

    "escodegen": ["escodegen@2.1.0", "", { "dependencies": { "esprima": "^4.0.1", "estraverse": "^5.2.0", "esutils": "^2.0.2" }, "optionalDependencies": { "source-map": "~0.6.1" }, "bin": { "esgenerate": "bin/esgenerate.js", "escodegen": "bin/escodegen.js" } }, "sha512-2NlIDTwUWJN0mRPQOdtQBzbUHvdGY2P1VXSyU83Q3xKxM7WHX2Ql8dKq782Q9TgQUNOLEzEYu9bzLNj1q88I5w=="],

    "esprima": ["esprima@1.2.5", "", { "bin": { "esparse": "./bin/esparse.js", "esvalidate": "./bin/esvalidate.js" } }, "sha512-S9VbPDU0adFErpDai3qDkjq8+G05ONtKzcyNrPKg/ZKa+tf879nX2KexNU95b31UoTJjRLInNBHHHjFPoCd7lQ=="],

    "estraverse": ["estraverse@5.3.0", "", {}, "sha512-MMdARuVEQziNTeJD8DgMqmhwR11BRQ/cBP+pLtYdSTnf3MIO8fFeiINEbX36ZdNlfU/7A9f3gUw49B3oQsvwBA=="],

    "esutils": ["esutils@2.0.3", "", {}, "sha512-kVscqXk4OCp68SZ0dkgEKVi6/8ij300KBWTJq32P/dYeWTSwK41WyTxalN1eRmA5Z9UU/LX9D7FWSmV9SAYx6g=="],

    "fast-deep-equal": ["fast-deep-equal@3.1.3", "", {}, "sha512-f3qQ9oQy9j2AhBe/H9VC91wLmKBCCU/gDOnKNAYG5hswO7BLKj09Hc5HYNz9cGI++xlpDCIgDaitVs03ATR84Q=="],

    "fast-uri": ["fast-uri@3.1.8", "", {}, "sha512-GZMtZUTNRpOVIECoXwLNZS5xUGE+mVNbTB8h/7Rwh2TFWcBQiPzTgyZi05BF9UMZKkLJv8XBRJTlU7zg8+ZfMg=="],

    "flat": ["flat@6.0.1", "", { "bin": { "flat": "cli.js" } }, "sha512-/3FfIa8mbrg3xE7+wAhWeV+bd7L2Mof+xtZb5dRDKZ+wDvYJK4WDYeIOuOhre5Yv5aQObZrlbRmk3RTSiuQBtw=="],

    "follow-redirects": ["follow-redirects@1.16.0", "", { "peerDependencies": { "debug": "*" }, "optionalPeers": ["debug"] }, "sha512-y5rN/uOsadFT/JfYwhxRS5R7Qce+g3zG97+JrtFZlC9klX/W5hD7iiLzScI4nZqUS7DNUdhPgw4xI8W2LuXlUw=="],

    "form-data": ["form-data@4.0.6", "", { "dependencies": { "asynckit": "^0.4.0", "combined-stream": "^1.0.8", "es-set-tostringtag": "^2.1.0", "hasown": "^2.0.4", "mime-types": "^2.1.35" } }, "sha512-vKatAh4SlVfgbv+YtmhiRjhEMJsYpsG1Y2rMQtR+SVSbytsSD1YGzDIcrAJmdFec88u/+VoGmxnl+80gL1tRCQ=="],

    "function-bind": ["function-bind@1.1.2", "", {}, "sha512-7XHNxH7qX9xG5mIwxkhumTox/MIRNcOgDrxWsMt2pAr23WHp6MrRlN7FBSFpCpr+oVO0F744iUgR82nJMfG2SA=="],

    "get-intrinsic": ["get-intrinsic@1.3.0", "", { "dependencies": { "call-bind-apply-helpers": "^1.0.2", "es-define-property": "^1.0.1", "es-errors": "^1.3.0", "es-object-atoms": "^1.1.1", "function-bind": "^1.1.2", "get-proto": "^1.0.1", "gopd": "^1.2.0", "has-symbols": "^1.1.0", "hasown": "^2.0.2", "math-intrinsics": "^1.1.0" } }, "sha512-9fSjSaos/fRIVIp+xSJlE6lfwhES7LNtKaCBIamHsjr2na1BiABJPo0mOjjz8GJDURarmCPGqaiVg5mfjb98CQ=="],

    "get-proto": ["get-proto@1.0.1", "", { "dependencies": { "dunder-proto": "^1.0.1", "es-object-atoms": "^1.0.0" } }, "sha512-sTSfBjoXBp89JvIKIefqw7U2CCebsc74kiY6awiGogKtoSGbgjYE/G/+l9sF3MWFPNc9IcoOC4ODfKHfxFmp0g=="],

    "globalthis": ["globalthis@1.0.4", "", { "dependencies": { "define-properties": "^1.2.1", "gopd": "^1.0.1" } }, "sha512-DpLKbNU4WylpxJykQujfCcwYWiV/Jhm50Goo0wrVILAv5jOr9d+H+UR3PhSCD2rCCEIg0uc+G+muBTwD54JhDQ=="],

    "gopd": ["gopd@1.2.0", "", {}, "sha512-ZUKRh6/kUFoAiTAtTYPZJ3hw9wNxx+BIBOijnlG9PnrJsCcSjs1wyyD6vJpaYtgnzDrKYRSqf3OO6Rfa93xsRg=="],

    "has-property-descriptors": ["has-property-descriptors@1.0.2", "", { "dependencies": { "es-define-property": "^1.0.0" } }, "sha512-55JNKuIW+vq4Ke1BjOTjM2YctQIvCT7GFzHwmfZPGo5wnrgkid0YQtnAleFSqumZm4az3n2BS+erby5ipJdgrg=="],

    "has-symbols": ["has-symbols@1.1.0", "", {}, "sha512-1cDNdwJ2Jaohmb3sg4OmKaMBwuC48sYni5HUw2DvsC8LjGTLK9h+eb1X6RyuOHe4hT0ULCW68iomhjUoKUqlPQ=="],

    "has-tostringtag": ["has-tostringtag@1.0.2", "", { "dependencies": { "has-symbols": "^1.0.3" } }, "sha512-NqADB8VjPFLM2V0VvHUewwwsw0ZWBaIdgo+ieHtK3hasLz4qeCRjYcqfB6AQrBggRKppKF8L52/VqdVsO47Dlw=="],

    "hashery": ["hashery@1.5.1", "", { "dependencies": { "hookified": "^1.15.0" } }, "sha512-iZyKG96/JwPz1N55vj2Ie2vXbhu440zfUfJvSwEqEbeLluk7NnapfGqa7LH0mOsnDxTF85Mx8/dyR6HfqcbmbQ=="],

    "hasown": ["hasown@2.0.4", "", { "dependencies": { "function-bind": "^1.1.2" } }, "sha512-T2UbfbBEF32wiepXIsMlTW9+dDYC6wMh/t/vYA4tuOMKqWz/n3vr1NFSxQiyP+zk2mXsoMA/i/7qV6LKut1t1A=="],

    "hookified": ["hookified@1.15.1", "", {}, "sha512-MvG/clsADq1GPM2KGo2nyfaWVyn9naPiXrqIe4jYjXNZQt238kWyOGrsyc/DmRAQ+Re6yeo6yX/yoNCG5KAEVg=="],

    "htmlparser2": ["htmlparser2@12.0.0", "", { "dependencies": { "domelementtype": "^3.0.0", "domhandler": "^6.0.0", "domutils": "^4.0.2", "entities": "^8.0.0" } }, "sha512-Tz7u1i95/g2x2jz81+x0FBVhBhY5aRTvD3tXXdFaljuNdzDLJ8UGNRrTcj2cgQvAg3iW/h77Fz15nLW0L0CrZw=="],

    "https-proxy-agent": ["https-proxy-agent@9.1.0", "", { "dependencies": { "agent-base": "9.0.0", "debug": "^4.3.4", "proxy-agent-negotiate": "1.1.0" } }, "sha512-ag87y7cJJ9/3+GxFr8Oy4O5faDsGRGnBGsJj/YjOSsSx/5eadKLYTMPlzuR6obgoCDDm0abAAZitXXQkMOPSpA=="],

    "iconv-lite": ["iconv-lite@0.4.24", "", { "dependencies": { "safer-buffer": ">= 2.1.2 < 3" } }, "sha512-v3MXnZAcvnywkTUEZomIActle7RXXeedOR31wwl7VlyoXO4Qi9arvSenNQWne1TcRwhCL1HwLI21bEqdpj8/rA=="],

    "is-it-type": ["is-it-type@5.1.3", "", { "dependencies": { "globalthis": "^1.0.2" } }, "sha512-AX2uU0HW+TxagTgQXOJY7+2fbFHemC7YFBwN1XqD8qQMKdtfbOC8OC3fUb4s5NU59a3662Dzwto8tWDdZYRXxg=="],

    "is-plain-object": ["is-plain-object@5.1.0", "", {}, "sha512-bUi/yjmtKYcRVUtWRGr0UA6xEFh2I6zWUwMrUXB3s7bmYCaZ8a+0ZsTRkrawh/mzlSD1Y0Ph8bp/U+TvBpWDNw=="],

    "json-schema-traverse": ["json-schema-traverse@1.0.0", "", {}, "sha512-NM8/P9n3XjXhIZn1lLhkFaACTOURQXjWhV4BA/RnOv8xvgqtqpAX9IO4mRQxSx1Rlo4tqzeqb0sOlruaOy3dug=="],

    "jsonpath": ["jsonpath@1.3.0", "", { "dependencies": { "esprima": "1.2.5", "static-eval": "2.1.1", "underscore": "1.13.6" } }, "sha512-0kjkYHJBkAy50Z5QzArZ7udmvxrJzkpKYW27fiF//BrMY7TQibYLl+FYIXN2BiYmwMIVzSfD8aDRj6IzgBX2/w=="],

    "keyv": ["keyv@5.6.0", "", { "dependencies": { "@keyv/serialize": "^1.1.1" } }, "sha512-CYDD3SOtsHtyXeEORYRx2qBtpDJFjRTGXUtmNEMGyzYOKj1TE3tycdlho7kA1Ufx9OYWZzg52QFBGALTirzDSw=="],

    "launder": ["launder@1.7.1", "", { "dependencies": { "dayjs": "^1.11.7" } }, "sha512-mU6WRz5EusL9ZZuiZ5SO4Y6C0P9PAUR9iwdb6bzj4KDihm28DiHFw+/yk9DBH4f+Pv1wuzQ4e2jV3oQ7mkIqvw=="],

    "lodash.merge": ["lodash.merge@4.6.2", "", {}, "sha512-0KpjqXRVvrYyCsX1swR/XTK0va6VQkQM6MNo7PqW77ByjAhoARA8EfrP1N4+KlKj8YS0ZUCtRT/YUuhyYDujIQ=="],

    "magic-bytes.js": ["magic-bytes.js@1.13.1", "", {}, "sha512-x5sn4UX2k5gCWlcfmoFwG4TPie8+dctESyqOBdhB5p6MsgWXdBKGmt9nXPObj/JI50TTL928lc5Yt1WntMn1bw=="],

    "math-intrinsics": ["math-intrinsics@1.1.0", "", {}, "sha512-/IXtbwEk5HTPyEwyKX6hGkYXxM9nbj64B+ilVJnC/R6B0pH5G4V3b0pVbL7DBj4tkhBAppbQUlf6F6Xl9LHu1g=="],

    "mime-db": ["mime-db@1.54.0", "", {}, "sha512-aU5EJuIN2WDemCcAp2vFBfp/m4EAhWJnUNSSw0ixs7/kXbd6Pg64EmwJkNdFhB8aWt1sH2CTXrLxo/iAGV3oPQ=="],

    "mime-types": ["mime-types@3.0.2", "", { "dependencies": { "mime-db": "^1.54.0" } }, "sha512-Lbgzdk0h4juoQ9fCKXW4by0UJqj+nOOrI9MJ1sSj4nI8aI2eo1qmvQEie4VD1glsS250n15LsWsYtCugiStS5A=="],

    "ms": ["ms@2.1.3", "", {}, "sha512-6FlzubTLZG3J2a/NVCAleEhjzq5oxgHyaCU9yYXvcLsvoVaHJq/s5xXI6/XXP6tz7R9xAOtHnSO/tXtF3WRTlA=="],

    "nanoid": ["nanoid@3.3.19", "", { "bin": { "nanoid": "bin/nanoid.cjs" } }, "sha512-Y2tUNy4ouw6tq5oDSKeQYGOyhkUBhNOcGV/02KC+6kd9eDGqdZd++mjMiIDilrBYvjEnCYvVtsuHCuP+okSfug=="],

    "needle": ["needle@2.9.1", "", { "dependencies": { "debug": "^3.2.6", "iconv-lite": "^0.4.4", "sax": "^1.2.4" }, "bin": { "needle": "./bin/needle" } }, "sha512-6R9fqJ5Zcmf+uYaFgdIHmLwNldn5HbK8L5ybn7Uz+ylX/rnOsSp1AHcvQSrCaFN+qNM1wpymHqD7mVasEOlHGQ=="],

    "node-machine-id": ["node-machine-id@1.1.12", "", {}, "sha512-QNABxbrPa3qEIfrE6GOJ7BYIuignnJw7iQ2YPbc3Nla1HzRJjXzZOiikfF8m7eAMfichLt3M4VgLOetqgDmgGQ=="],

    "object-keys": ["object-keys@1.1.1", "", {}, "sha512-NuAESUOUMrlIXOfHKzD6bpPu3tYt3xvjNdRIQ+FeT0lNb4K8WR70CaDxhuNguS2XG+GjkyMwOzsN5ZktImfhLA=="],

    "oxlint": ["oxlint@1.83.0", "", { "optionalDependencies": { "@oxlint/binding-android-arm-eabi": "1.83.0", "@oxlint/binding-android-arm64": "1.83.0", "@oxlint/binding-darwin-arm64": "1.83.0", "@oxlint/binding-darwin-x64": "1.83.0", "@oxlint/binding-freebsd-x64": "1.83.0", "@oxlint/binding-linux-arm-gnueabihf": "1.83.0", "@oxlint/binding-linux-arm-musleabihf": "1.83.0", "@oxlint/binding-linux-arm64-gnu": "1.83.0", "@oxlint/binding-linux-arm64-musl": "1.83.0", "@oxlint/binding-linux-ppc64-gnu": "1.83.0", "@oxlint/binding-linux-riscv64-gnu": "1.83.0", "@oxlint/binding-linux-riscv64-musl": "1.83.0", "@oxlint/binding-linux-s390x-gnu": "1.83.0", "@oxlint/binding-linux-x64-gnu": "1.83.0", "@oxlint/binding-linux-x64-musl": "1.83.0", "@oxlint/binding-openharmony-arm64": "1.83.0", "@oxlint/binding-win32-arm64-msvc": "1.83.0", "@oxlint/binding-win32-ia32-msvc": "1.83.0", "@oxlint/binding-win32-x64-msvc": "1.83.0" }, "peerDependencies": { "oxlint-tsgolint": ">=7.0.2001", "vite-plus": "*" }, "optionalPeers": ["oxlint-tsgolint", "vite-plus"], "bin": { "oxlint": "bin/oxlint" } }, "sha512-cyDzSzaw3uzP0TeCeq3lLRPPoaUxkbB4ZOXj+kn+5r+BX9V+4bNVGk9lxer+WrgcpebH4JxLlJ3KQjveVztOLQ=="],

    "parse-srcset": ["parse-srcset@1.0.2", "", {}, "sha512-/2qh0lav6CmI15FzA3i/2Bzk2zCgQhGMkvhOhKNcBVQ1ldgpbfiNTVslmooUmWJcADi1f1kIeynbDRVzNlfR6Q=="],

    "picocolors": ["picocolors@1.1.1", "", {}, "sha512-xceH2snhtb5M9liqDsmEw56le376mTZkEX/jEb/RxNFyegNul7eNslCXP9FDj/Lcu0X8KEyMceP2ntpaHrDEVA=="],

    "postcss": ["postcss@8.5.28", "", { "dependencies": { "nanoid": "^3.3.18", "picocolors": "^1.1.1", "source-map-js": "^1.2.1" } }, "sha512-RRuzqDtt5Y9h3quz5hWhK+TPnsmVs6WwSU6LkJMeY4HstUEDuYTG8UJSdawMRzmzAtV+KEoG8N3Qg2qLy5vM/A=="],

    "probe-image-size": ["probe-image-size@7.4.0", "", { "dependencies": { "lodash.merge": "^4.6.2", "needle": "^2.5.2", "stream-parser": "~0.3.1" } }, "sha512-cdEprVtZxV+awMde9X+4jILBFYh4CARxVrQaMl4wY4YcPWbul9jntXrIW95NInBDyJwcVUP3U0T6yukN8rMBaQ=="],

    "promisepipe": ["promisepipe@3.0.0", "", {}, "sha512-V6TbZDJ/ZswevgkDNpGt/YqNCiZP9ASfgU+p83uJE6NrGtvSGoOcHLiDCqkMs2+yg7F5qHdLV8d0aS8O26G/KA=="],

    "proxy-agent-negotiate": ["proxy-agent-negotiate@1.1.0", "", { "peerDependencies": { "kerberos": "^2.0.0" }, "optionalPeers": ["kerberos"] }, "sha512-N8IBcM3UgCVzz2L2Lqv8DVntDnnC8/hiV4nEDUPkqq72TPUgYWjQc+bdZlBPZK9LzPAvOY//gAt0S0DApoOXWQ=="],

    "proxy-from-env": ["proxy-from-env@2.1.0", "", {}, "sha512-cJ+oHTW1VAEa8cJslgmUZrc+sjRKgAKl3Zyse6+PV38hZe/V6Z14TbCuXcan9F9ghlz4QrFr2c92TNF82UkYHA=="],

    "qified": ["qified@0.10.1", "", { "dependencies": { "hookified": "^2.1.1" } }, "sha512-+Owyggi9IxT1ePKGafcI87ubSmxol6smwJ+RAHDQlx9+9cPwFWDiKFFCPuWhr9ignlGpZ9vDQLw67N4dcTVFEA=="],

    "require-from-string": ["require-from-string@2.0.2", "", {}, "sha512-Xf0nWe6RseziFMu+Ap9biiUbmplq6S9/p+7w7YXP/JBHhrUDDUhwa+vANyubuqfZWTveU//DYVGsDG7RKL/vEw=="],

    "safer-buffer": ["safer-buffer@2.1.2", "", {}, "sha512-YZo3K82SD7Riyi0E1EQPojLz7kpepnSQI9IyPbHHg1XXXevb5dJI7tpyN2ADxGcQbHG7vcyRHk0cbwqcQriUtg=="],

    "sanitize-html": ["sanitize-html@2.17.7", "", { "dependencies": { "deepmerge": "^4.2.2", "escape-string-regexp": "^4.0.0", "htmlparser2": "^12.0.0", "is-plain-object": "^5.0.0", "launder": "^1.7.1", "parse-srcset": "^1.0.2", "postcss": "^8.3.11" } }, "sha512-PGtEkc9cbnedU3s9TmzDbpsZ8w086g/0Q8k8/oIO1NLNU3i5k9yn835CrjJSajp1KMmkisbO1qPXxNKO3welAg=="],

    "sax": ["sax@1.6.1", "", {}, "sha512-42tBVwLWnaQvW5zc4HbZrTuWccECCZfBi92FDuwtqxasH+JbPB3/FOKb1m222K42R4WxuxzzMsTswfzgtSu64Q=="],

    "simple-invariant": ["simple-invariant@2.0.1", "", {}, "sha512-1sbhsxqI+I2tqlmjbz99GXNmZtr6tKIyEgGGnJw/MKGblalqk/XoOYYFJlBzTKZCxx8kLaD3FD5s9BEEjx5Pyg=="],

    "source-map": ["source-map@0.6.1", "", {}, "sha512-UjgapumWlbMhkBgzT7Ykc5YXUT46F0iKu8SGXq0bcwP5dz/h0Plj6enJqjz1Zbq2l5WaqYnrVbwWOWMyF3F47g=="],

    "source-map-js": ["source-map-js@1.2.1", "", {}, "sha512-UXWMKhLOwVKb728IUtQPXxfYU+usdybtUrK/8uGE8CQMvrhOpwvzDBwj0QhSL7MQc7vIsISBG8VQ8+IDQxpfQA=="],

    "static-eval": ["static-eval@2.1.1", "", { "dependencies": { "escodegen": "^2.1.0" } }, "sha512-MgWpQ/ZjGieSVB3eOJVs4OA2LT/q1vx98KPCTTQPzq/aLr0YUXTsgryTXr4SLfR0ZfUUCiedM9n/ABeDIyy4mA=="],

    "stream-buffers": ["stream-buffers@3.0.3", "", {}, "sha512-pqMqwQCso0PBJt2PQmDO0cFj0lyqmiwOMiMSkVtRokl7e+ZTRYgDHKnuZNbqjiJXgsg4nuqtD/zxuo9KqTp0Yw=="],

    "stream-parser": ["stream-parser@0.3.1", "", { "dependencies": { "debug": "2" } }, "sha512-bJ/HgKq41nlKvlhccD5kaCr/P+Hu0wPNKPJOH7en+YrJu/9EgqUF+88w5Jb6KNcjOFMhfX4B2asfeAtIGuHObQ=="],

    "tmp": ["tmp@0.2.7", "", {}, "sha512-e0votIpp4Uo2AJYSzVHV6xCcawuiez3DzqDAbrTc3YxBkplN6e+dM13ZeIcZnDg/QpSuU2zfZ3rzwY8ukEnaXw=="],

    "tmp-promise": ["tmp-promise@3.0.3", "", { "dependencies": { "tmp": "^0.2.0" } }, "sha512-RwM7MoPojPxsOBYnyd2hy0bxtIlVrihNs9pj5SUvY8Zz1sQcQG2tG1hSr8PDxfgEB8RNKDhqbIlroIarSNDNsQ=="],

    "typescript": ["typescript@7.0.2", "", { "optionalDependencies": { "@typescript/typescript-aix-ppc64": "7.0.2", "@typescript/typescript-darwin-arm64": "7.0.2", "@typescript/typescript-darwin-x64": "7.0.2", "@typescript/typescript-freebsd-arm64": "7.0.2", "@typescript/typescript-freebsd-x64": "7.0.2", "@typescript/typescript-linux-arm": "7.0.2", "@typescript/typescript-linux-arm64": "7.0.2", "@typescript/typescript-linux-loong64": "7.0.2", "@typescript/typescript-linux-mips64el": "7.0.2", "@typescript/typescript-linux-ppc64": "7.0.2", "@typescript/typescript-linux-riscv64": "7.0.2", "@typescript/typescript-linux-s390x": "7.0.2", "@typescript/typescript-linux-x64": "7.0.2", "@typescript/typescript-netbsd-arm64": "7.0.2", "@typescript/typescript-netbsd-x64": "7.0.2", "@typescript/typescript-openbsd-arm64": "7.0.2", "@typescript/typescript-openbsd-x64": "7.0.2", "@typescript/typescript-sunos-x64": "7.0.2", "@typescript/typescript-win32-arm64": "7.0.2", "@typescript/typescript-win32-x64": "7.0.2" }, "bin": { "tsc": "bin/tsc" } }, "sha512-8FYau96o3NKOhbjKi/qNvG/W5jhzxkbdm5sj9AbZ/5T5sWqn3hJgLfGx27sRKZWTvyzCP8dLRBTf5tBTSRVUNA=="],

    "underscore": ["underscore@1.13.6", "", {}, "sha512-+A5Sja4HP1M08MaXya7p5LvjuM7K6q/2EaC0+iovj/wOcMsTzMvDFbasi/oSapiwOlt252IqsKqPjCl7huKS0A=="],

    "undici-types": ["undici-types@8.9.0", "", {}, "sha512-KTDyRTYX8sWmKXAikPHHSyc63CRPETMctyjKFupcC6OBLXT3xsN0e9aF7m+mIXutFWpUXuedtowG7iLOzp0kQg=="],

    "yauzl-promise": ["yauzl-promise@4.0.0", "", { "dependencies": { "@node-rs/crc32": "^1.7.0", "is-it-type": "^5.1.2", "simple-invariant": "^2.0.1" } }, "sha512-/HCXpyHXJQQHvFq9noqrjfa/WpQC2XYs3vI7tBiAi4QiIU1knvYhZGaO1QPjwIVMdqflxbmwgMXtYeaRiAE0CA=="],

    "yazl": ["yazl@3.3.1", "", { "dependencies": { "buffer-crc32": "^1.0.0" } }, "sha512-BbETDVWG+VcMUle37k5Fqp//7SDOK2/1+T7X8TD96M3D9G8jK5VLUdQVdVjGi8im7FGkazX7kk5hkU8X4L5Bng=="],

    "axios/https-proxy-agent": ["https-proxy-agent@5.0.1", "", { "dependencies": { "agent-base": "6", "debug": "4" } }, "sha512-dFcAjpTQFgoLMzC2VwU+C/CbS7uRL0lWmxDITmqm7C+7F0Odmj6s9l6alZc6AELXhrnggM2CeWSXHGOdX2YtwA=="],

    "escodegen/esprima": ["esprima@4.0.1", "", { "bin": { "esparse": "./bin/esparse.js", "esvalidate": "./bin/esvalidate.js" } }, "sha512-eGuFFw7Upda+g4p+QHvnW0RyTX/SVeJBDM/gCtMARO0cLuT2HcEKnTPvhjV6aGeqrCB/sbNop0Kszm0jsaWU4A=="],

    "form-data/mime-types": ["mime-types@2.1.35", "", { "dependencies": { "mime-db": "1.52.0" } }, "sha512-ZDY+bPm5zTTF+YpCrAU9nK0UgICYPT0QtT1NZWFv4s++TNkcgVaT0g6+4R2uI4MjQjzysHB1zxuWL50hzaeXiw=="],

    "needle/debug": ["debug@3.2.7", "", { "dependencies": { "ms": "^2.1.1" } }, "sha512-CFjzYYAi4ThfiQvizrFQevTTXHtnCqWfe7x1AhgEscTz6ZbLbfoLRLPugTQyBth6f8ZERVUSyWHFD/7Wu4t1XQ=="],

    "qified/hookified": ["hookified@2.2.0", "", {}, "sha512-p/LgFzRN5FeoD3DLS6bkUapeye6E4SI6yJs6KetENd18S+FBthqYq2amJUWpt5z0EQwwHemidjY5OqJGEKm5uA=="],

    "stream-parser/debug": ["debug@2.6.9", "", { "dependencies": { "ms": "2.0.0" } }, "sha512-bC7ElrdJaJnPbAP+1EotYvqZsb3ecl5wi6Bfi6BJTUcNowp6cvspg0jXznRTKDjm/E7AdgFBVeAPVMNcKGsHMA=="],

    "axios/https-proxy-agent/agent-base": ["agent-base@6.0.2", "", { "dependencies": { "debug": "4" } }, "sha512-RZNwNclF7+MS/8bDg70amg32dyeZGZxiDuQmZxKLAlQjr3jGyLx+4Kkk58UO7D2QdgFIQCovuSuZESne6RG6XQ=="],

    "form-data/mime-types/mime-db": ["mime-db@1.52.0", "", {}, "sha512-sPU4uV7dYlvtWJxwwxHD0PuihVNiE7TyAbQ5SWxDCB9mUYvOgroQOwYQQOKPJ8CIbE+1ETVlOoK1UC2nU3gYvg=="],

    "stream-parser/debug/ms": ["ms@2.0.0", "", {}, "sha512-Tpp60P6IUJDTuOq/5Z8cdskzJujfwqfOTkrwIwj7IRISpnkJnT6SyJ4PCPnGMoFjC9ddhal5KVIYtAt97ix05A=="],
  }
}
